
Microsoft Visual Studio Solution File, Format Version 12.00
# Visual Studio Version 17
VisualStudioVersion = 17.4.33205.214
MinimumVisualStudioVersion = 10.0.40219.1
Project("{FAE04EC0-301F-11D3-BF4B-00C04F79EFBC}") = "JailooCRM", "JailooCRM\JailooCRM.csproj", "{8B847CD1-1E69-4325-8A03-AC64F83C441C}"
EndProject
Project("{FAE04EC0-301F-11D3-BF4B-00C04F79EFBC}") = "JailooCRM.DAL", "JailooCRM.DAL\JailooCRM.DAL.csproj", "{294CE18B-FFFA-4ACB-B3CB-F978A72F564A}"
EndProject
Project("{FAE04EC0-301F-11D3-BF4B-00C04F79EFBC}") = "JailooCRM.BLL", "JailooCRM.BLL\JailooCRM.BLL.csproj", "{D7B0CB85-56CA-422C-B7A3-77C2EAA6FB88}"
EndProject
Project("{FAE04EC0-301F-11D3-BF4B-00C04F79EFBC}") = "JailooCRM.Tests", "JailooCRM.Tests\JailooCRM.Tests.csproj", "{122FFF64-FD30-40D4-9B46-35204CDB228C}"
EndProject
Project("{FAE04EC0-301F-11D3-BF4B-00C04F79EFBC}") = "JailooCRM.Common", "JailooCRM.Common\JailooCRM.Common.csproj", "{4BE45620-4925-465E-9290-CF7012E4A2A9}"
EndProject
Global
	GlobalSection(SolutionConfigurationPlatforms) = preSolution
		Debug|Any CPU = Debug|Any CPU
		Release|Any CPU = Release|Any CPU
	EndGlobalSection
	GlobalSection(ProjectConfigurationPlatforms) = postSolution
		{8B847CD1-1E69-4325-8A03-AC64F83C441C}.Debug|Any CPU.ActiveCfg = Debug|Any CPU
		{8B847CD1-1E69-4325-8A03-AC64F83C441C}.Debug|Any CPU.Build.0 = Debug|Any CPU
		{8B847CD1-1E69-4325-8A03-AC64F83C441C}.Release|Any CPU.ActiveCfg = Release|Any CPU
		{8B847CD1-1E69-4325-8A03-AC64F83C441C}.Release|Any CPU.Build.0 = Release|Any CPU
		{294CE18B-FFFA-4ACB-B3CB-F978A72F564A}.Debug|Any CPU.ActiveCfg = Debug|Any CPU
		{294CE18B-FFFA-4ACB-B3CB-F978A72F564A}.Debug|Any CPU.Build.0 = Debug|Any CPU
		{294CE18B-FFFA-4ACB-B3CB-F978A72F564A}.Release|Any CPU.ActiveCfg = Release|Any CPU
		{294CE18B-FFFA-4ACB-B3CB-F978A72F564A}.Release|Any CPU.Build.0 = Release|Any CPU
		{D7B0CB85-56CA-422C-B7A3-77C2EAA6FB88}.Debug|Any CPU.ActiveCfg = Debug|Any CPU
		{D7B0CB85-56CA-422C-B7A3-77C2EAA6FB88}.Debug|Any CPU.Build.0 = Debug|Any CPU
		{D7B0CB85-56CA-422C-B7A3-77C2EAA6FB88}.Release|Any CPU.ActiveCfg = Release|Any CPU
		{D7B0CB85-56CA-422C-B7A3-77C2EAA6FB88}.Release|Any CPU.Build.0 = Release|Any CPU
		{122FFF64-FD30-40D4-9B46-35204CDB228C}.Debug|Any CPU.ActiveCfg = Debug|Any CPU
		{122FFF64-FD30-40D4-9B46-35204CDB228C}.Debug|Any CPU.Build.0 = Debug|Any CPU
		{122FFF64-FD30-40D4-9B46-35204CDB228C}.Release|Any CPU.ActiveCfg = Release|Any CPU
		{122FFF64-FD30-40D4-9B46-35204CDB228C}.Release|Any CPU.Build.0 = Release|Any CPU
		{4BE45620-4925-465E-9290-CF7012E4A2A9}.Debug|Any CPU.ActiveCfg = Debug|Any CPU
		{4BE45620-4925-465E-9290-CF7012E4A2A9}.Debug|Any CPU.Build.0 = Debug|Any CPU
		{4BE45620-4925-465E-9290-CF7012E4A2A9}.Release|Any CPU.ActiveCfg = Release|Any CPU
		{4BE45620-4925-465E-9290-CF7012E4A2A9}.Release|Any CPU.Build.0 = Release|Any CPU
	EndGlobalSection
	GlobalSection(SolutionProperties) = preSolution
		HideSolutionNode = FALSE
	EndGlobalSection
	GlobalSection(ExtensibilityGlobals) = postSolution
		SolutionGuid = {AF1EABE5-0AF9-4CE1-854F-8899D45ED32D}
	EndGlobalSection
EndGlobal
